
Microsoft Visual Studio Solution File, Format Version 12.00
# Visual Studio Version 16
VisualStudioVersion = 16.0.31410.357
MinimumVisualStudioVersion = 10.0.40219.1
Project("{9A19103F-16F7-4668-BE54-9A1E7A4F7556}") = "TaskManager", "TaskManager\TaskManager.csproj", "{452E1A27-A291-4C2F-A489-D535867F448A}"
EndProject
Project("{9A19103F-16F7-4668-BE54-9A1E7A4F7556}") = "TaskManager.API", "TaskManager.API\TaskManager.API.csproj", "{7AEEAAD6-0830-4E32-8C10-B0F22B95BA34}"
EndProject
Global
	GlobalSection(SolutionConfigurationPlatforms) = preSolution
		Debug|Any CPU = Debug|Any CPU
		Release|Any CPU = Release|Any CPU
	EndGlobalSection
	GlobalSection(ProjectConfigurationPlatforms) = postSolution
		{452E1A27-A291-4C2F-A489-D535867F448A}.Debug|Any CPU.ActiveCfg = Debug|Any CPU
		{452E1A27-A291-4C2F-A489-D535867F448A}.Debug|Any CPU.Build.0 = Debug|Any CPU
		{452E1A27-A291-4C2F-A489-D535867F448A}.Release|Any CPU.ActiveCfg = Release|Any CPU
		{452E1A27-A291-4C2F-A489-D535867F448A}.Release|Any CPU.Build.0 = Release|Any CPU
		{7AEEAAD6-0830-4E32-8C10-B0F22B95BA34}.Debug|Any CPU.ActiveCfg = Debug|Any CPU
		{7AEEAAD6-0830-4E32-8C10-B0F22B95BA34}.Debug|Any CPU.Build.0 = Debug|Any CPU
		{7AEEAAD6-0830-4E32-8C10-B0F22B95BA34}.Release|Any CPU.ActiveCfg = Release|Any CPU
		{7AEEAAD6-0830-4E32-8C10-B0F22B95BA34}.Release|Any CPU.Build.0 = Release|Any CPU
	EndGlobalSection
	GlobalSection(SolutionProperties) = preSolution
		HideSolutionNode = FALSE
	EndGlobalSection
	GlobalSection(ExtensibilityGlobals) = postSolution
		SolutionGuid = {7B92FAFD-456A-43BE-B41F-653D9E8052E7}
	EndGlobalSection
EndGlobal
