
Microsoft Visual Studio Solution File, Format Version 12.00
# Visual Studio Version 16
VisualStudioVersion = 16.0.31410.357
MinimumVisualStudioVersion = 10.0.40219.1
Project("{9A19103F-16F7-4668-BE54-9A1E7A4F7556}") = "BlazorTaskManager.Server", "BlazorTaskManager\Server\BlazorTaskManager.Server.csproj", "{F8E48D4F-AA56-4560-BFB2-C29BD5A0A8FF}"
EndProject
Project("{9A19103F-16F7-4668-BE54-9A1E7A4F7556}") = "BlazorTaskManager.Client", "BlazorTaskManager\Client\BlazorTaskManager.Client.csproj", "{814799CF-B3B9-41DC-9323-8F6ABD256C11}"
EndProject
Project("{9A19103F-16F7-4668-BE54-9A1E7A4F7556}") = "BlazorTaskManager.Shared", "BlazorTaskManager\Shared\BlazorTaskManager.Shared.csproj", "{0632A1A1-F583-498B-BCEC-40A2BAF5AEF9}"
EndProject
Global
	GlobalSection(SolutionConfigurationPlatforms) = preSolution
		Debug|Any CPU = Debug|Any CPU
		Release|Any CPU = Release|Any CPU
	EndGlobalSection
	GlobalSection(ProjectConfigurationPlatforms) = postSolution
		{F8E48D4F-AA56-4560-BFB2-C29BD5A0A8FF}.Debug|Any CPU.ActiveCfg = Debug|Any CPU
		{F8E48D4F-AA56-4560-BFB2-C29BD5A0A8FF}.Debug|Any CPU.Build.0 = Debug|Any CPU
		{F8E48D4F-AA56-4560-BFB2-C29BD5A0A8FF}.Release|Any CPU.ActiveCfg = Release|Any CPU
		{F8E48D4F-AA56-4560-BFB2-C29BD5A0A8FF}.Release|Any CPU.Build.0 = Release|Any CPU
		{814799CF-B3B9-41DC-9323-8F6ABD256C11}.Debug|Any CPU.ActiveCfg = Debug|Any CPU
		{814799CF-B3B9-41DC-9323-8F6ABD256C11}.Debug|Any CPU.Build.0 = Debug|Any CPU
		{814799CF-B3B9-41DC-9323-8F6ABD256C11}.Release|Any CPU.ActiveCfg = Release|Any CPU
		{814799CF-B3B9-41DC-9323-8F6ABD256C11}.Release|Any CPU.Build.0 = Release|Any CPU
		{0632A1A1-F583-498B-BCEC-40A2BAF5AEF9}.Debug|Any CPU.ActiveCfg = Debug|Any CPU
		{0632A1A1-F583-498B-BCEC-40A2BAF5AEF9}.Debug|Any CPU.Build.0 = Debug|Any CPU
		{0632A1A1-F583-498B-BCEC-40A2BAF5AEF9}.Release|Any CPU.ActiveCfg = Release|Any CPU
		{0632A1A1-F583-498B-BCEC-40A2BAF5AEF9}.Release|Any CPU.Build.0 = Release|Any CPU
	EndGlobalSection
	GlobalSection(SolutionProperties) = preSolution
		HideSolutionNode = FALSE
	EndGlobalSection
	GlobalSection(ExtensibilityGlobals) = postSolution
		SolutionGuid = {7B92FAFD-456A-43BE-B41F-653D9E8052E7}
	EndGlobalSection
EndGlobal
